
Microsoft Visual Studio Solution File, Format Version 12.00
# Visual Studio Version 17
VisualStudioVersion = 17.13.35825.156 d17.13
MinimumVisualStudioVersion = 10.0.40219.1
Project("{FAE04EC0-301F-11D3-BF4B-00C04F79EFBC}") = "BookLibrary", "BookLibrary\BookLibrary.csproj", "{4B5A8053-AC50-497D-8761-EAE543C396A6}"
EndProject
Global
	GlobalSection(SolutionConfigurationPlatforms) = preSolution
		Debug|Any CPU = Debug|Any CPU
		Release|Any CPU = Release|Any CPU
	EndGlobalSection
	GlobalSection(ProjectConfigurationPlatforms) = postSolution
		{4B5A8053-AC50-497D-8761-EAE543C396A6}.Debug|Any CPU.ActiveCfg = Debug|Any CPU
		{4B5A8053-AC50-497D-8761-EAE543C396A6}.Debug|Any CPU.Build.0 = Debug|Any CPU
		{4B5A8053-AC50-497D-8761-EAE543C396A6}.Release|Any CPU.ActiveCfg = Release|Any CPU
		{4B5A8053-AC50-497D-8761-EAE543C396A6}.Release|Any CPU.Build.0 = Release|Any CPU
	EndGlobalSection
	GlobalSection(SolutionProperties) = preSolution
		HideSolutionNode = FALSE
	EndGlobalSection
	GlobalSection(ExtensibilityGlobals) = postSolution
		SolutionGuid = {9EBAC78D-A31B-4068-8C5F-FBAE67947180}
	EndGlobalSection
EndGlobal
